
Microsoft Visual Studio Solution File, Format Version 12.00
# Visual Studio Version 16
VisualStudioVersion = 16.0.29306.81
MinimumVisualStudioVersion = 10.0.40219.1
Project("{FAE04EC0-301F-11D3-BF4B-00C04F79EFBC}") = "CshGit9", "CshGit9\CshGit9.csproj", "{672F634D-926A-4AE7-9EA1-9CFCB24B837B}"
EndProject
Project("{FAE04EC0-301F-11D3-BF4B-00C04F79EFBC}") = "StudLib", "StudLib\StudLib.csproj", "{C2B149C2-D198-42BE-9694-E9964AEAFC90}"
EndProject
Global
	GlobalSection(SolutionConfigurationPlatforms) = preSolution
		Debug|Any CPU = Debug|Any CPU
		Release|Any CPU = Release|Any CPU
	EndGlobalSection
	GlobalSection(ProjectConfigurationPlatforms) = postSolution
		{672F634D-926A-4AE7-9EA1-9CFCB24B837B}.Debug|Any CPU.ActiveCfg = Debug|Any CPU
		{672F634D-926A-4AE7-9EA1-9CFCB24B837B}.Debug|Any CPU.Build.0 = Debug|Any CPU
		{672F634D-926A-4AE7-9EA1-9CFCB24B837B}.Release|Any CPU.ActiveCfg = Release|Any CPU
		{672F634D-926A-4AE7-9EA1-9CFCB24B837B}.Release|Any CPU.Build.0 = Release|Any CPU
		{C2B149C2-D198-42BE-9694-E9964AEAFC90}.Debug|Any CPU.ActiveCfg = Debug|Any CPU
		{C2B149C2-D198-42BE-9694-E9964AEAFC90}.Debug|Any CPU.Build.0 = Debug|Any CPU
		{C2B149C2-D198-42BE-9694-E9964AEAFC90}.Release|Any CPU.ActiveCfg = Release|Any CPU
		{C2B149C2-D198-42BE-9694-E9964AEAFC90}.Release|Any CPU.Build.0 = Release|Any CPU
	EndGlobalSection
	GlobalSection(SolutionProperties) = preSolution
		HideSolutionNode = FALSE
	EndGlobalSection
	GlobalSection(ExtensibilityGlobals) = postSolution
		SolutionGuid = {3EC2F2A4-18DE-4BCD-8163-FFE4DA34B369}
	EndGlobalSection
EndGlobal
